<?xml version="1.0" encoding="utf-8"?>
<Project ToolsVersion="4.0" xmlns="http://schemas.microsoft.com/developer/msbuild/2003">
  <ItemGroup>
    <Filter Include="Source Files">
      <UniqueIdentifier>{4FC737F1-C7A5-4376-A066-2A32D752A2FF}</UniqueIdentifier>
      <Extensions>cpp;c;cc;cxx;def;odl;idl;hpj;bat;asm;asmx</Extensions>
    </Filter>
    <Filter Include="Header Files">
      <UniqueIdentifier>{93995380-89BD-4b04-88EB-625FBE52EBFB}</UniqueIdentifier>
      <Extensions>h;hh;hpp;hxx;hm;inl;inc;xsd</Extensions>
    </Filter>
    <Filter Include="Resource Files">
      <UniqueIdentifier>{67DA6AB6-F800-4c08-8B7A-83BB121AAD01}</UniqueIdentifier>
      <Extensions>rc;ico;cur;bmp;dlg;rc2;rct;bin;rgs;gif;jpg;jpeg;jpe;resx;tiff;tif;png;wav;mfcribbon-ms</Extensions>
    </Filter>
  </ItemGroup>
  <ItemGroup>
    <ClCompile Include="main.cpp">
      <Filter>Source Files</Filter>
    </ClCompile>
    <ClCompile Include="..\skse64\common\IDataStream.cpp">
      <Filter>Source Files</Filter>
    </ClCompile>
    <ClCompile Include="..\skse64\common\IDebugLog.cpp">
      <Filter>Source Files</Filter>
    </ClCompile>
    <ClCompile Include="..\skse64\common\IErrors.cpp">
      <Filter>Source Files</Filter>
    </ClCompile>
    <ClCompile Include="..\skse64\common\IFileStream.cpp">
      <Filter>Source Files</Filter>
    </ClCompile>
    <ClCompile Include="..\skse64\skse64\skse64\GameAPI.cpp">
      <Filter>Source Files</Filter>
    </ClCompile>
    <ClCompile Include="..\skse64\skse64\skse64\GameForms.cpp">
      <Filter>Source Files</Filter>
    </ClCompile>
    <ClCompile Include="..\skse64\skse64\skse64\GameTypes.cpp">
      <Filter>Source Files</Filter>
    </ClCompile>
    <ClCompile Include="..\skse64\skse64\skse64\GameUtilities.cpp">
      <Filter>Source Files</Filter>
    </ClCompile>
    <ClCompile Include="..\skse64\skse64\skse64_common\BranchTrampoline.cpp">
      <Filter>Source Files</Filter>
    </ClCompile>
    <ClCompile Include="..\skse64\skse64\skse64_common\Relocation.cpp">
      <Filter>Source Files</Filter>
    </ClCompile>
    <ClCompile Include="..\skse64\skse64\skse64_common\SafeWrite.cpp">
      <Filter>Source Files</Filter>
    </ClCompile>
    <ClCompile Include="..\eternity_common\PatchUtils.cpp">
      <Filter>Source Files</Filter>
    </ClCompile>
    <ClCompile Include="..\skse64\skse64\skse64\GameMenus.cpp">
      <Filter>Source Files</Filter>
    </ClCompile>
    <ClCompile Include="..\skse64\skse64\skse64\GameReferences.cpp">
      <Filter>Source Files</Filter>
    </ClCompile>
    <ClCompile Include="..\skse64\skse64\skse64\ScaleformAPI.cpp">
      <Filter>Source Files</Filter>
    </ClCompile>
    <ClCompile Include="..\skse64\skse64\skse64\GameRTTI.cpp">
      <Filter>Source Files</Filter>
    </ClCompile>
    <ClCompile Include="..\skse64\skse64\skse64\GameBSExtraData.cpp">
      <Filter>Source Files</Filter>
    </ClCompile>
    <ClCompile Include="..\skse64\skse64\skse64\GameExtraData.cpp">
      <Filter>Source Files</Filter>
    </ClCompile>
    <ClCompile Include="..\skse64\skse64\skse64\HashUtil.cpp">
      <Filter>Source Files</Filter>
    </ClCompile>
    <ClCompile Include="..\skse64\skse64\skse64\GameFormComponents.cpp">
      <Filter>Source Files</Filter>
    </ClCompile>
    <ClCompile Include="..\skse64\skse64\skse64\GameData.cpp">
      <Filter>Source Files</Filter>
    </ClCompile>
    <ClCompile Include="..\skse64\skse64\skse64\GameInput.cpp">
      <Filter>Source Files</Filter>
    </ClCompile>
    <ClCompile Include="..\skse64\skse64\skse64\NiTypes.cpp">
      <Filter>Source Files</Filter>
    </ClCompile>
    <ClCompile Include="..\skse64\skse64\skse64\NiObjects.cpp">
      <Filter>Source Files</Filter>
    </ClCompile>
    <ClCompile Include="..\skse64\skse64\skse64_common\RelocationEx.cpp">
      <Filter>Source Files</Filter>
    </ClCompile>
  </ItemGroup>
  <ItemGroup>
    <ClInclude Include="..\skse64\common\IDataStream.h">
      <Filter>Header Files</Filter>
    </ClInclude>
    <ClInclude Include="..\skse64\common\IDebugLog.h">
      <Filter>Header Files</Filter>
    </ClInclude>
    <ClInclude Include="..\skse64\common\IErrors.h">
      <Filter>Header Files</Filter>
    </ClInclude>
    <ClInclude Include="..\skse64\common\IFileStream.h">
      <Filter>Header Files</Filter>
    </ClInclude>
    <ClInclude Include="..\skse64\skse64\skse64\GameAPI.h">
      <Filter>Header Files</Filter>
    </ClInclude>
    <ClInclude Include="..\skse64\skse64\skse64\GameForms.h">
      <Filter>Header Files</Filter>
    </ClInclude>
    <ClInclude Include="..\skse64\skse64\skse64\GameTypes.h">
      <Filter>Header Files</Filter>
    </ClInclude>
    <ClInclude Include="..\skse64\skse64\skse64\GameUtilities.h">
      <Filter>Header Files</Filter>
    </ClInclude>
    <ClInclude Include="..\skse64\skse64\skse64_common\BranchTrampoline.h">
      <Filter>Header Files</Filter>
    </ClInclude>
    <ClInclude Include="..\skse64\skse64\skse64_common\Relocation.h">
      <Filter>Header Files</Filter>
    </ClInclude>
    <ClInclude Include="..\skse64\skse64\skse64_common\SafeWrite.h">
      <Filter>Header Files</Filter>
    </ClInclude>
    <ClInclude Include="..\eternity_common\PatchUtils.h">
      <Filter>Header Files</Filter>
    </ClInclude>
    <ClInclude Include="..\eternity_common\Utils.h">
      <Filter>Header Files</Filter>
    </ClInclude>
    <ClInclude Include="..\skse64\skse64\skse64\GameMenus.h">
      <Filter>Header Files</Filter>
    </ClInclude>
    <ClInclude Include="..\skse64\skse64\skse64\GameReferences.h">
      <Filter>Header Files</Filter>
    </ClInclude>
    <ClInclude Include="..\skse64\skse64\skse64\ScaleformAPI.h">
      <Filter>Header Files</Filter>
    </ClInclude>
    <ClInclude Include="..\skse64\skse64\skse64\GameRTTI.h">
      <Filter>Header Files</Filter>
    </ClInclude>
    <ClInclude Include="..\skse64\skse64\skse64\GameBSExtraData.h">
      <Filter>Header Files</Filter>
    </ClInclude>
    <ClInclude Include="..\skse64\skse64\skse64\GameExtraData.h">
      <Filter>Header Files</Filter>
    </ClInclude>
    <ClInclude Include="..\skse64\skse64\skse64\HashUtil.h">
      <Filter>Header Files</Filter>
    </ClInclude>
    <ClInclude Include="..\skse64\skse64\skse64\GameFormComponents.h">
      <Filter>Header Files</Filter>
    </ClInclude>
    <ClInclude Include="..\skse64\skse64\skse64\GameData.h">
      <Filter>Header Files</Filter>
    </ClInclude>
    <ClInclude Include="..\skse64\skse64\skse64\GameInput.h">
      <Filter>Header Files</Filter>
    </ClInclude>
    <ClInclude Include="..\skse64\skse64\skse64\NiTypes.h">
      <Filter>Header Files</Filter>
    </ClInclude>
    <ClInclude Include="..\skse64\skse64\skse64\NiObjects.h">
      <Filter>Header Files</Filter>
    </ClInclude>
    <ClInclude Include="..\skse64\skse64\skse64_common\RelocationEx.h">
      <Filter>Header Files</Filter>
    </ClInclude>
    <ClInclude Include="resource1.h">
      <Filter>Header Files</Filter>
    </ClInclude>
    <ClInclude Include="version.h">
      <Filter>Resource Files</Filter>
    </ClInclude>
  </ItemGroup>
  <ItemGroup>
    <ResourceCompile Include="ImprovedCamera.rc">
      <Filter>Resource Files</Filter>
    </ResourceCompile>
  </ItemGroup>
</Project>